{
  "name": "@konoha-academy/dumb-math",
  "version": "0.0.1",
  "lockfileVersion": 1,
  "requires": true,
  "dependencies": {
    "@types/node": {
      "version": "16.6.2",
      "resolved": "https://registry.npmjs.org/@types/node/-/node-16.6.2.tgz",
      "integrity": "sha512-LSw8TZt12ZudbpHc6EkIyDM3nHVWKYrAvGy6EAJfNfjusbwnThqjqxUKKRwuV3iWYeW/LYMzNgaq3MaLffQ2xA==",
      "dev": true
    },
    "remeda": {
      "version": "0.0.30",
      "resolved": "https://registry.npmjs.org/remeda/-/remeda-0.0.30.tgz",
      "integrity": "sha512-ygbf/pXioUbbNOYSRFu6oUEa72HiIcsiS6CFuhWEwoIByoyNzzofm/cVgHEnfQVeSkwTGHceuDOEHo5hHFv9Uw=="
    },
    "typescript": {
      "version": "4.3.5",
      "resolved": "https://registry.npmjs.org/typescript/-/typescript-4.3.5.tgz",
      "integrity": "sha512-DqQgihaQ9cUrskJo9kIyW/+g0Vxsk8cDtZ52a3NGh0YNTfpUSArXSohyUGnvbPazEPLu398C0UxmKSOrPumUzA==",
      "dev": true
    }
  }
}
