# THIS IS AN AUTOGENERATED FILE. DO NOT EDIT THIS FILE DIRECTLY.
# yarn lockfile v1


"@types/node@^16.6.2":
  version "16.6.2"
  resolved "https://registry.yarnpkg.com/@types/node/-/node-16.6.2.tgz#331b7b9f8621c638284787c5559423822fdffc50"
  integrity sha512-LSw8TZt12ZudbpHc6EkIyDM3nHVWKYrAvGy6EAJfNfjusbwnThqjqxUKKRwuV3iWYeW/LYMzNgaq3MaLffQ2xA==

remeda@^0.0.30:
  version "0.0.30"
  resolved "https://registry.yarnpkg.com/remeda/-/remeda-0.0.30.tgz#34a80efdab9053df2d59ed10cac20c4ca5bb1270"
  integrity sha512-ygbf/pXioUbbNOYSRFu6oUEa72HiIcsiS6CFuhWEwoIByoyNzzofm/cVgHEnfQVeSkwTGHceuDOEHo5hHFv9Uw==

typescript@^4.3.5:
  version "4.3.5"
  resolved "https://registry.yarnpkg.com/typescript/-/typescript-4.3.5.tgz#4d1c37cc16e893973c45a06886b7113234f119f4"
  integrity sha512-DqQgihaQ9cUrskJo9kIyW/+g0Vxsk8cDtZ52a3NGh0YNTfpUSArXSohyUGnvbPazEPLu398C0UxmKSOrPumUzA==
